
Microsoft Visual Studio Solution File, Format Version 12.00
# Visual Studio Version 17
VisualStudioVersion = 17.5.33414.496
MinimumVisualStudioVersion = 10.0.40219.1
Project("{9A19103F-16F7-4668-BE54-9A1E7A4F7556}") = "Tf2Rebalance.CreateSummary", "Tf2Rebalance.CreateSummary\Tf2Rebalance.CreateSummary.csproj", "{3DEFE1BC-DD4C-49C1-94FC-F929F1CC02D2}"
EndProject
Project("{9A19103F-16F7-4668-BE54-9A1E7A4F7556}") = "Tf2Rebalance.CreateSummary.Tests", "Tf2Rebalance.CreateSummary.Tests\Tf2Rebalance.CreateSummary.Tests.csproj", "{28026CF3-AC82-4CE0-9638-EFA66F552A09}"
EndProject
Project("{9A19103F-16F7-4668-BE54-9A1E7A4F7556}") = "ValveFormat.Superpower", "ValveFormat.Superpower\ValveFormat.Superpower.csproj", "{71B4A6D0-15DA-465B-A44C-CED84A6CF429}"
EndProject
Project("{9A19103F-16F7-4668-BE54-9A1E7A4F7556}") = "ValveFormat.Superpower.Tests", "ValveFormat.Superpower.Tests\ValveFormat.Superpower.Tests.csproj", "{6924341B-023D-4001-B27A-BF3700095058}"
EndProject
Project("{9A19103F-16F7-4668-BE54-9A1E7A4F7556}") = "RtfWriter.Standard", "RtfWriter.Standard\RtfWriter.Standard.csproj", "{4A1F7183-B8EA-463A-BE1F-D7617F5BDD21}"
EndProject
Project("{2150E333-8FDC-42A3-9474-1A3956D46DE8}") = "SolutionItems", "SolutionItems", "{4D42D1A2-5FB0-4B48-88CB-FAAF7BD31B50}"
	ProjectSection(SolutionItems) = preProject
		.gitattributes = .gitattributes
		.gitignore = .gitignore
		COPYING = COPYING
		README.md = README.md
	EndProjectSection
EndProject
Global
	GlobalSection(SolutionConfigurationPlatforms) = preSolution
		Debug|Any CPU = Debug|Any CPU
		Release|Any CPU = Release|Any CPU
	EndGlobalSection
	GlobalSection(ProjectConfigurationPlatforms) = postSolution
		{3DEFE1BC-DD4C-49C1-94FC-F929F1CC02D2}.Debug|Any CPU.ActiveCfg = Debug|Any CPU
		{3DEFE1BC-DD4C-49C1-94FC-F929F1CC02D2}.Debug|Any CPU.Build.0 = Debug|Any CPU
		{3DEFE1BC-DD4C-49C1-94FC-F929F1CC02D2}.Release|Any CPU.ActiveCfg = Release|Any CPU
		{3DEFE1BC-DD4C-49C1-94FC-F929F1CC02D2}.Release|Any CPU.Build.0 = Release|Any CPU
		{28026CF3-AC82-4CE0-9638-EFA66F552A09}.Debug|Any CPU.ActiveCfg = Debug|Any CPU
		{28026CF3-AC82-4CE0-9638-EFA66F552A09}.Debug|Any CPU.Build.0 = Debug|Any CPU
		{28026CF3-AC82-4CE0-9638-EFA66F552A09}.Release|Any CPU.ActiveCfg = Release|Any CPU
		{28026CF3-AC82-4CE0-9638-EFA66F552A09}.Release|Any CPU.Build.0 = Release|Any CPU
		{71B4A6D0-15DA-465B-A44C-CED84A6CF429}.Debug|Any CPU.ActiveCfg = Debug|Any CPU
		{71B4A6D0-15DA-465B-A44C-CED84A6CF429}.Debug|Any CPU.Build.0 = Debug|Any CPU
		{71B4A6D0-15DA-465B-A44C-CED84A6CF429}.Release|Any CPU.ActiveCfg = Release|Any CPU
		{71B4A6D0-15DA-465B-A44C-CED84A6CF429}.Release|Any CPU.Build.0 = Release|Any CPU
		{6924341B-023D-4001-B27A-BF3700095058}.Debug|Any CPU.ActiveCfg = Debug|Any CPU
		{6924341B-023D-4001-B27A-BF3700095058}.Debug|Any CPU.Build.0 = Debug|Any CPU
		{6924341B-023D-4001-B27A-BF3700095058}.Release|Any CPU.ActiveCfg = Release|Any CPU
		{6924341B-023D-4001-B27A-BF3700095058}.Release|Any CPU.Build.0 = Release|Any CPU
		{4A1F7183-B8EA-463A-BE1F-D7617F5BDD21}.Debug|Any CPU.ActiveCfg = Debug|Any CPU
		{4A1F7183-B8EA-463A-BE1F-D7617F5BDD21}.Debug|Any CPU.Build.0 = Debug|Any CPU
		{4A1F7183-B8EA-463A-BE1F-D7617F5BDD21}.Release|Any CPU.ActiveCfg = Release|Any CPU
		{4A1F7183-B8EA-463A-BE1F-D7617F5BDD21}.Release|Any CPU.Build.0 = Release|Any CPU
	EndGlobalSection
	GlobalSection(SolutionProperties) = preSolution
		HideSolutionNode = FALSE
	EndGlobalSection
	GlobalSection(ExtensibilityGlobals) = postSolution
		SolutionGuid = {91FEF190-00F1-4C0A-A245-9B009EA673A5}
	EndGlobalSection
EndGlobal
